
Microsoft Visual Studio Solution File, Format Version 12.00
# Visual Studio 15
VisualStudioVersion = 15.0.27428.2043
MinimumVisualStudioVersion = 10.0.40219.1
Project("{FAE04EC0-301F-11D3-BF4B-00C04F79EFBC}") = "MediaElementKit", "MediaElementKit\MediaElementKit.csproj", "{4A4394FD-BBB8-4356-83A0-6FCDBB6A84AE}"
EndProject
Project("{FAE04EC0-301F-11D3-BF4B-00C04F79EFBC}") = "Sample", "Sample\Sample.csproj", "{0397E38B-201D-487A-B345-E89A2FB65CA9}"
EndProject
Global
	GlobalSection(SolutionConfigurationPlatforms) = preSolution
		Debug|Any CPU = Debug|Any CPU
		Release|Any CPU = Release|Any CPU
	EndGlobalSection
	GlobalSection(ProjectConfigurationPlatforms) = postSolution
		{4A4394FD-BBB8-4356-83A0-6FCDBB6A84AE}.Debug|Any CPU.ActiveCfg = Debug|Any CPU
		{4A4394FD-BBB8-4356-83A0-6FCDBB6A84AE}.Debug|Any CPU.Build.0 = Debug|Any CPU
		{4A4394FD-BBB8-4356-83A0-6FCDBB6A84AE}.Release|Any CPU.ActiveCfg = Release|Any CPU
		{4A4394FD-BBB8-4356-83A0-6FCDBB6A84AE}.Release|Any CPU.Build.0 = Release|Any CPU
		{0397E38B-201D-487A-B345-E89A2FB65CA9}.Debug|Any CPU.ActiveCfg = Debug|Any CPU
		{0397E38B-201D-487A-B345-E89A2FB65CA9}.Debug|Any CPU.Build.0 = Debug|Any CPU
		{0397E38B-201D-487A-B345-E89A2FB65CA9}.Release|Any CPU.ActiveCfg = Release|Any CPU
		{0397E38B-201D-487A-B345-E89A2FB65CA9}.Release|Any CPU.Build.0 = Release|Any CPU
	EndGlobalSection
	GlobalSection(SolutionProperties) = preSolution
		HideSolutionNode = FALSE
	EndGlobalSection
	GlobalSection(ExtensibilityGlobals) = postSolution
		SolutionGuid = {2F00C9FE-FB05-4EA7-B156-8EB8287597E1}
	EndGlobalSection
EndGlobal
